
Microsoft Visual Studio Solution File, Format Version 12.00
# Visual Studio 15
VisualStudioVersion = 15.0.27428.1
MinimumVisualStudioVersion = 10.0.40219.1
Project("{FAE04EC0-301F-11D3-BF4B-00C04F79EFBC}") = "WebReadOnline", "WebReadOnline\WebReadOnline.csproj", "{23F2C179-CA18-4908-B352-B73B861AF438}"
EndProject
Project("{2150E333-8FDC-42A3-9474-1A3956D46DE8}") = "Database", "Database", "{50AF2F33-699B-4CC7-8F0E-3E9604A2097A}"
EndProject
Project("{FAE04EC0-301F-11D3-BF4B-00C04F79EFBC}") = "Database.Sqlserver", "Database.Sqlserver\Database.Sqlserver.csproj", "{138F1089-9518-49C6-85FD-62812579A2B1}"
EndProject
Project("{FAE04EC0-301F-11D3-BF4B-00C04F79EFBC}") = "Common.IDatabase", "IDatabase\Common.IDatabase.csproj", "{24A30137-8D32-4FAD-8D3E-D485D3F3C63D}"
EndProject
Project("{2150E333-8FDC-42A3-9474-1A3956D46DE8}") = "DbFactory", "DbFactory", "{67322F01-5617-4A68-8D5A-2EA23FA88B31}"
EndProject
Project("{FAE04EC0-301F-11D3-BF4B-00C04F79EFBC}") = "DbRepository", "DbRepository\DbRepository.csproj", "{3640F607-4981-4181-AFD8-9EA1460FB684}"
EndProject
Project("{2150E333-8FDC-42A3-9474-1A3956D46DE8}") = "Module", "Module", "{DB9BF41B-A0E7-48C6-93CF-A371B2942634}"
EndProject
Project("{2150E333-8FDC-42A3-9474-1A3956D46DE8}") = "Search", "Search", "{E63272B9-17D3-40AD-82D8-69073FA494AE}"
EndProject
Project("{FAE04EC0-301F-11D3-BF4B-00C04F79EFBC}") = "ReadOnline.Search.IBLL", "ReadOnline.IBLL\ReadOnline.Search.IBLL.csproj", "{73E17543-503E-4C89-AFBC-5CFCAE9E40FC}"
EndProject
Project("{FAE04EC0-301F-11D3-BF4B-00C04F79EFBC}") = "ReadOnline.Search.BLL", "ReadOnline.BLL\ReadOnline.Search.BLL.csproj", "{320C3561-16F0-41FE-898A-12677A314346}"
EndProject
Project("{FAE04EC0-301F-11D3-BF4B-00C04F79EFBC}") = "ReadOnline.Search.DAO", "ReadOnline.Search.DAO\ReadOnline.Search.DAO.csproj", "{66A49174-A3C0-4F0E-B52E-C00F6376C52C}"
EndProject
Project("{FAE04EC0-301F-11D3-BF4B-00C04F79EFBC}") = "ReadOnline.Search.IDAO", "ReadOnline.Search.IDAO\ReadOnline.Search.IDAO.csproj", "{F4DDC663-DAB6-45F8-86A4-B9C816E346EF}"
EndProject
Project("{FAE04EC0-301F-11D3-BF4B-00C04F79EFBC}") = "ReadOnline.Search.Model", "ReadOnline.Search.Model\ReadOnline.Search.Model.csproj", "{82A0C9AE-9CB1-464C-8096-B288691F1A93}"
EndProject
Global
	GlobalSection(SolutionConfigurationPlatforms) = preSolution
		Debug|Any CPU = Debug|Any CPU
		Release|Any CPU = Release|Any CPU
	EndGlobalSection
	GlobalSection(ProjectConfigurationPlatforms) = postSolution
		{23F2C179-CA18-4908-B352-B73B861AF438}.Debug|Any CPU.ActiveCfg = Debug|Any CPU
		{23F2C179-CA18-4908-B352-B73B861AF438}.Debug|Any CPU.Build.0 = Debug|Any CPU
		{23F2C179-CA18-4908-B352-B73B861AF438}.Release|Any CPU.ActiveCfg = Release|Any CPU
		{23F2C179-CA18-4908-B352-B73B861AF438}.Release|Any CPU.Build.0 = Release|Any CPU
		{138F1089-9518-49C6-85FD-62812579A2B1}.Debug|Any CPU.ActiveCfg = Debug|Any CPU
		{138F1089-9518-49C6-85FD-62812579A2B1}.Debug|Any CPU.Build.0 = Debug|Any CPU
		{138F1089-9518-49C6-85FD-62812579A2B1}.Release|Any CPU.ActiveCfg = Release|Any CPU
		{138F1089-9518-49C6-85FD-62812579A2B1}.Release|Any CPU.Build.0 = Release|Any CPU
		{24A30137-8D32-4FAD-8D3E-D485D3F3C63D}.Debug|Any CPU.ActiveCfg = Debug|Any CPU
		{24A30137-8D32-4FAD-8D3E-D485D3F3C63D}.Debug|Any CPU.Build.0 = Debug|Any CPU
		{24A30137-8D32-4FAD-8D3E-D485D3F3C63D}.Release|Any CPU.ActiveCfg = Release|Any CPU
		{24A30137-8D32-4FAD-8D3E-D485D3F3C63D}.Release|Any CPU.Build.0 = Release|Any CPU
		{3640F607-4981-4181-AFD8-9EA1460FB684}.Debug|Any CPU.ActiveCfg = Debug|Any CPU
		{3640F607-4981-4181-AFD8-9EA1460FB684}.Debug|Any CPU.Build.0 = Debug|Any CPU
		{3640F607-4981-4181-AFD8-9EA1460FB684}.Release|Any CPU.ActiveCfg = Release|Any CPU
		{3640F607-4981-4181-AFD8-9EA1460FB684}.Release|Any CPU.Build.0 = Release|Any CPU
		{73E17543-503E-4C89-AFBC-5CFCAE9E40FC}.Debug|Any CPU.ActiveCfg = Debug|Any CPU
		{73E17543-503E-4C89-AFBC-5CFCAE9E40FC}.Debug|Any CPU.Build.0 = Debug|Any CPU
		{73E17543-503E-4C89-AFBC-5CFCAE9E40FC}.Release|Any CPU.ActiveCfg = Release|Any CPU
		{73E17543-503E-4C89-AFBC-5CFCAE9E40FC}.Release|Any CPU.Build.0 = Release|Any CPU
		{320C3561-16F0-41FE-898A-12677A314346}.Debug|Any CPU.ActiveCfg = Debug|Any CPU
		{320C3561-16F0-41FE-898A-12677A314346}.Debug|Any CPU.Build.0 = Debug|Any CPU
		{320C3561-16F0-41FE-898A-12677A314346}.Release|Any CPU.ActiveCfg = Release|Any CPU
		{320C3561-16F0-41FE-898A-12677A314346}.Release|Any CPU.Build.0 = Release|Any CPU
		{66A49174-A3C0-4F0E-B52E-C00F6376C52C}.Debug|Any CPU.ActiveCfg = Debug|Any CPU
		{66A49174-A3C0-4F0E-B52E-C00F6376C52C}.Debug|Any CPU.Build.0 = Debug|Any CPU
		{66A49174-A3C0-4F0E-B52E-C00F6376C52C}.Release|Any CPU.ActiveCfg = Release|Any CPU
		{66A49174-A3C0-4F0E-B52E-C00F6376C52C}.Release|Any CPU.Build.0 = Release|Any CPU
		{F4DDC663-DAB6-45F8-86A4-B9C816E346EF}.Debug|Any CPU.ActiveCfg = Debug|Any CPU
		{F4DDC663-DAB6-45F8-86A4-B9C816E346EF}.Debug|Any CPU.Build.0 = Debug|Any CPU
		{F4DDC663-DAB6-45F8-86A4-B9C816E346EF}.Release|Any CPU.ActiveCfg = Release|Any CPU
		{F4DDC663-DAB6-45F8-86A4-B9C816E346EF}.Release|Any CPU.Build.0 = Release|Any CPU
		{82A0C9AE-9CB1-464C-8096-B288691F1A93}.Debug|Any CPU.ActiveCfg = Debug|Any CPU
		{82A0C9AE-9CB1-464C-8096-B288691F1A93}.Debug|Any CPU.Build.0 = Debug|Any CPU
		{82A0C9AE-9CB1-464C-8096-B288691F1A93}.Release|Any CPU.ActiveCfg = Release|Any CPU
		{82A0C9AE-9CB1-464C-8096-B288691F1A93}.Release|Any CPU.Build.0 = Release|Any CPU
	EndGlobalSection
	GlobalSection(SolutionProperties) = preSolution
		HideSolutionNode = FALSE
	EndGlobalSection
	GlobalSection(NestedProjects) = preSolution
		{138F1089-9518-49C6-85FD-62812579A2B1} = {50AF2F33-699B-4CC7-8F0E-3E9604A2097A}
		{24A30137-8D32-4FAD-8D3E-D485D3F3C63D} = {50AF2F33-699B-4CC7-8F0E-3E9604A2097A}
		{3640F607-4981-4181-AFD8-9EA1460FB684} = {67322F01-5617-4A68-8D5A-2EA23FA88B31}
		{E63272B9-17D3-40AD-82D8-69073FA494AE} = {DB9BF41B-A0E7-48C6-93CF-A371B2942634}
		{73E17543-503E-4C89-AFBC-5CFCAE9E40FC} = {E63272B9-17D3-40AD-82D8-69073FA494AE}
		{320C3561-16F0-41FE-898A-12677A314346} = {E63272B9-17D3-40AD-82D8-69073FA494AE}
		{66A49174-A3C0-4F0E-B52E-C00F6376C52C} = {E63272B9-17D3-40AD-82D8-69073FA494AE}
		{F4DDC663-DAB6-45F8-86A4-B9C816E346EF} = {E63272B9-17D3-40AD-82D8-69073FA494AE}
		{82A0C9AE-9CB1-464C-8096-B288691F1A93} = {E63272B9-17D3-40AD-82D8-69073FA494AE}
	EndGlobalSection
	GlobalSection(ExtensibilityGlobals) = postSolution
		SolutionGuid = {BA4A1482-5E2D-4EEC-A72B-18D808DBFF77}
	EndGlobalSection
EndGlobal
